
Microsoft Visual Studio Solution File, Format Version 12.00
# Visual Studio Version 17
VisualStudioVersion = 17.13.35931.197 d17.13
MinimumVisualStudioVersion = 10.0.40219.1
Project("{FAE04EC0-301F-11D3-BF4B-00C04F79EFBC}") = "TravelTripProje", "TravelTripProje\TravelTripProje.csproj", "{2FF74490-62B5-4F50-A687-2BA48C799BC3}"
EndProject
Global
	GlobalSection(SolutionConfigurationPlatforms) = preSolution
		Debug|Any CPU = Debug|Any CPU
		Release|Any CPU = Release|Any CPU
	EndGlobalSection
	GlobalSection(ProjectConfigurationPlatforms) = postSolution
		{2FF74490-62B5-4F50-A687-2BA48C799BC3}.Debug|Any CPU.ActiveCfg = Debug|Any CPU
		{2FF74490-62B5-4F50-A687-2BA48C799BC3}.Debug|Any CPU.Build.0 = Debug|Any CPU
		{2FF74490-62B5-4F50-A687-2BA48C799BC3}.Release|Any CPU.ActiveCfg = Release|Any CPU
		{2FF74490-62B5-4F50-A687-2BA48C799BC3}.Release|Any CPU.Build.0 = Release|Any CPU
	EndGlobalSection
	GlobalSection(SolutionProperties) = preSolution
		HideSolutionNode = FALSE
	EndGlobalSection
	GlobalSection(ExtensibilityGlobals) = postSolution
		SolutionGuid = {3A27DE4C-C2CC-4B17-854D-012536E818BF}
	EndGlobalSection
EndGlobal
